
Microsoft Visual Studio Solution File, Format Version 12.00
# Visual Studio 15
VisualStudioVersion = 15.0.27703.2042
MinimumVisualStudioVersion = 10.0.40219.1
Project("{FAE04EC0-301F-11D3-BF4B-00C04F79EFBC}") = "DDTodayDaily", "DDTodayDaily\DDTodayDaily.csproj", "{FD0A46B0-8DAD-485F-A05F-7564A4CF3C6F}"
EndProject
Global
	GlobalSection(SolutionConfigurationPlatforms) = preSolution
		Debug|Any CPU = Debug|Any CPU
		Release|Any CPU = Release|Any CPU
	EndGlobalSection
	GlobalSection(ProjectConfigurationPlatforms) = postSolution
		{FD0A46B0-8DAD-485F-A05F-7564A4CF3C6F}.Debug|Any CPU.ActiveCfg = Debug|Any CPU
		{FD0A46B0-8DAD-485F-A05F-7564A4CF3C6F}.Debug|Any CPU.Build.0 = Debug|Any CPU
		{FD0A46B0-8DAD-485F-A05F-7564A4CF3C6F}.Release|Any CPU.ActiveCfg = Release|Any CPU
		{FD0A46B0-8DAD-485F-A05F-7564A4CF3C6F}.Release|Any CPU.Build.0 = Release|Any CPU
	EndGlobalSection
	GlobalSection(SolutionProperties) = preSolution
		HideSolutionNode = FALSE
	EndGlobalSection
	GlobalSection(ExtensibilityGlobals) = postSolution
		SolutionGuid = {C84433DD-EE2A-41FC-96DA-18162083234C}
	EndGlobalSection
EndGlobal
